
Microsoft Visual Studio Solution File, Format Version 12.00
# Visual Studio 2013
VisualStudioVersion = 12.0.30501.0
MinimumVisualStudioVersion = 10.0.40219.1
Project("{FAE04EC0-301F-11D3-BF4B-00C04F79EFBC}") = "Buzzle.Data", "Buzzle.Data\Buzzle.Data.csproj", "{7F109D34-4424-4983-9183-E21A4D2B593D}"
EndProject
Project("{FAE04EC0-301F-11D3-BF4B-00C04F79EFBC}") = "Buzzle.Launcher", "Buzzle.Launcher\Buzzle.Launcher.csproj", "{9B886D60-2DD3-4853-A428-D68F04E1D4DE}"
EndProject
Project("{FAE04EC0-301F-11D3-BF4B-00C04F79EFBC}") = "Buzzle.GlobalStuff", "Buzzle.GlobalStuff\Buzzle.GlobalStuff.csproj", "{C5F508F4-60C1-475C-8170-8F214DCB5DBA}"
EndProject
Project("{FAE04EC0-301F-11D3-BF4B-00C04F79EFBC}") = "Buzzle.Finances", "Buzzle.Finances\Buzzle.Finances.csproj", "{CD3815A8-6CEE-4EC8-B98C-0C7027461070}"
EndProject
Project("{FAE04EC0-301F-11D3-BF4B-00C04F79EFBC}") = "Buzzle.JobsManager", "Buzzle.JobsManager.cs\Buzzle.JobsManager.csproj", "{4EACF8D1-8247-4026-805A-026F456E1454}"
EndProject
Project("{FAE04EC0-301F-11D3-BF4B-00C04F79EFBC}") = "Buzzle.Sales", "Buzzle.Sales\Buzzle.Sales.csproj", "{0E19676C-3655-49F5-A3A2-B54303B9B1F5}"
EndProject
Project("{FAE04EC0-301F-11D3-BF4B-00C04F79EFBC}") = "Buzzle.Reports", "Buzzle.Reports\Buzzle.Reports.csproj", "{6FAD47A6-4AD8-4B17-B477-A979DC6B435D}"
EndProject
Global
	GlobalSection(SolutionConfigurationPlatforms) = preSolution
		CD_ROM|Any CPU = CD_ROM|Any CPU
		CD_ROM|Mixed Platforms = CD_ROM|Mixed Platforms
		CD_ROM|x86 = CD_ROM|x86
		Debug|Any CPU = Debug|Any CPU
		Debug|Mixed Platforms = Debug|Mixed Platforms
		Debug|x86 = Debug|x86
		DVD-5|Any CPU = DVD-5|Any CPU
		DVD-5|Mixed Platforms = DVD-5|Mixed Platforms
		DVD-5|x86 = DVD-5|x86
		Release|Any CPU = Release|Any CPU
		Release|Mixed Platforms = Release|Mixed Platforms
		Release|x86 = Release|x86
		SingleImage|Any CPU = SingleImage|Any CPU
		SingleImage|Mixed Platforms = SingleImage|Mixed Platforms
		SingleImage|x86 = SingleImage|x86
	EndGlobalSection
	GlobalSection(ProjectConfigurationPlatforms) = postSolution
		{7F109D34-4424-4983-9183-E21A4D2B593D}.CD_ROM|Any CPU.ActiveCfg = Release|Any CPU
		{7F109D34-4424-4983-9183-E21A4D2B593D}.CD_ROM|Any CPU.Build.0 = Release|Any CPU
		{7F109D34-4424-4983-9183-E21A4D2B593D}.CD_ROM|Mixed Platforms.ActiveCfg = Release|x86
		{7F109D34-4424-4983-9183-E21A4D2B593D}.CD_ROM|Mixed Platforms.Build.0 = Release|x86
		{7F109D34-4424-4983-9183-E21A4D2B593D}.CD_ROM|x86.ActiveCfg = Release|x86
		{7F109D34-4424-4983-9183-E21A4D2B593D}.CD_ROM|x86.Build.0 = Release|x86
		{7F109D34-4424-4983-9183-E21A4D2B593D}.Debug|Any CPU.ActiveCfg = Debug|Any CPU
		{7F109D34-4424-4983-9183-E21A4D2B593D}.Debug|Any CPU.Build.0 = Debug|Any CPU
		{7F109D34-4424-4983-9183-E21A4D2B593D}.Debug|Mixed Platforms.ActiveCfg = Debug|Any CPU
		{7F109D34-4424-4983-9183-E21A4D2B593D}.Debug|Mixed Platforms.Build.0 = Debug|Any CPU
		{7F109D34-4424-4983-9183-E21A4D2B593D}.Debug|x86.ActiveCfg = Debug|Any CPU
		{7F109D34-4424-4983-9183-E21A4D2B593D}.Debug|x86.Build.0 = Debug|Any CPU
		{7F109D34-4424-4983-9183-E21A4D2B593D}.DVD-5|Any CPU.ActiveCfg = Debug|Any CPU
		{7F109D34-4424-4983-9183-E21A4D2B593D}.DVD-5|Any CPU.Build.0 = Debug|Any CPU
		{7F109D34-4424-4983-9183-E21A4D2B593D}.DVD-5|Mixed Platforms.ActiveCfg = Debug|x86
		{7F109D34-4424-4983-9183-E21A4D2B593D}.DVD-5|Mixed Platforms.Build.0 = Debug|x86
		{7F109D34-4424-4983-9183-E21A4D2B593D}.DVD-5|x86.ActiveCfg = Debug|x86
		{7F109D34-4424-4983-9183-E21A4D2B593D}.DVD-5|x86.Build.0 = Debug|x86
		{7F109D34-4424-4983-9183-E21A4D2B593D}.Release|Any CPU.ActiveCfg = Release|Any CPU
		{7F109D34-4424-4983-9183-E21A4D2B593D}.Release|Any CPU.Build.0 = Release|Any CPU
		{7F109D34-4424-4983-9183-E21A4D2B593D}.Release|Mixed Platforms.ActiveCfg = Release|Any CPU
		{7F109D34-4424-4983-9183-E21A4D2B593D}.Release|Mixed Platforms.Build.0 = Release|Any CPU
		{7F109D34-4424-4983-9183-E21A4D2B593D}.Release|x86.ActiveCfg = Release|Any CPU
		{7F109D34-4424-4983-9183-E21A4D2B593D}.SingleImage|Any CPU.ActiveCfg = Release|Any CPU
		{7F109D34-4424-4983-9183-E21A4D2B593D}.SingleImage|Any CPU.Build.0 = Release|Any CPU
		{7F109D34-4424-4983-9183-E21A4D2B593D}.SingleImage|Mixed Platforms.ActiveCfg = Release|x86
		{7F109D34-4424-4983-9183-E21A4D2B593D}.SingleImage|Mixed Platforms.Build.0 = Release|x86
		{7F109D34-4424-4983-9183-E21A4D2B593D}.SingleImage|x86.ActiveCfg = Release|x86
		{7F109D34-4424-4983-9183-E21A4D2B593D}.SingleImage|x86.Build.0 = Release|x86
		{9B886D60-2DD3-4853-A428-D68F04E1D4DE}.CD_ROM|Any CPU.ActiveCfg = Release|Any CPU
		{9B886D60-2DD3-4853-A428-D68F04E1D4DE}.CD_ROM|Any CPU.Build.0 = Release|Any CPU
		{9B886D60-2DD3-4853-A428-D68F04E1D4DE}.CD_ROM|Mixed Platforms.ActiveCfg = Debug|x86
		{9B886D60-2DD3-4853-A428-D68F04E1D4DE}.CD_ROM|Mixed Platforms.Build.0 = Debug|x86
		{9B886D60-2DD3-4853-A428-D68F04E1D4DE}.CD_ROM|x86.ActiveCfg = Debug|x86
		{9B886D60-2DD3-4853-A428-D68F04E1D4DE}.CD_ROM|x86.Build.0 = Debug|x86
		{9B886D60-2DD3-4853-A428-D68F04E1D4DE}.Debug|Any CPU.ActiveCfg = Debug|Any CPU
		{9B886D60-2DD3-4853-A428-D68F04E1D4DE}.Debug|Any CPU.Build.0 = Debug|Any CPU
		{9B886D60-2DD3-4853-A428-D68F04E1D4DE}.Debug|Mixed Platforms.ActiveCfg = Debug|Any CPU
		{9B886D60-2DD3-4853-A428-D68F04E1D4DE}.Debug|Mixed Platforms.Build.0 = Debug|Any CPU
		{9B886D60-2DD3-4853-A428-D68F04E1D4DE}.Debug|x86.ActiveCfg = Debug|Any CPU
		{9B886D60-2DD3-4853-A428-D68F04E1D4DE}.Debug|x86.Build.0 = Debug|Any CPU
		{9B886D60-2DD3-4853-A428-D68F04E1D4DE}.DVD-5|Any CPU.ActiveCfg = Debug|Any CPU
		{9B886D60-2DD3-4853-A428-D68F04E1D4DE}.DVD-5|Any CPU.Build.0 = Debug|Any CPU
		{9B886D60-2DD3-4853-A428-D68F04E1D4DE}.DVD-5|Mixed Platforms.ActiveCfg = Debug|x86
		{9B886D60-2DD3-4853-A428-D68F04E1D4DE}.DVD-5|Mixed Platforms.Build.0 = Debug|x86
		{9B886D60-2DD3-4853-A428-D68F04E1D4DE}.DVD-5|x86.ActiveCfg = Debug|x86
		{9B886D60-2DD3-4853-A428-D68F04E1D4DE}.DVD-5|x86.Build.0 = Debug|x86
		{9B886D60-2DD3-4853-A428-D68F04E1D4DE}.Release|Any CPU.ActiveCfg = Release|Any CPU
		{9B886D60-2DD3-4853-A428-D68F04E1D4DE}.Release|Any CPU.Build.0 = Release|Any CPU
		{9B886D60-2DD3-4853-A428-D68F04E1D4DE}.Release|Mixed Platforms.ActiveCfg = Release|x86
		{9B886D60-2DD3-4853-A428-D68F04E1D4DE}.Release|Mixed Platforms.Build.0 = Release|x86
		{9B886D60-2DD3-4853-A428-D68F04E1D4DE}.Release|x86.ActiveCfg = Release|x86
		{9B886D60-2DD3-4853-A428-D68F04E1D4DE}.Release|x86.Build.0 = Release|x86
		{9B886D60-2DD3-4853-A428-D68F04E1D4DE}.SingleImage|Any CPU.ActiveCfg = Release|Any CPU
		{9B886D60-2DD3-4853-A428-D68F04E1D4DE}.SingleImage|Any CPU.Build.0 = Release|Any CPU
		{9B886D60-2DD3-4853-A428-D68F04E1D4DE}.SingleImage|Mixed Platforms.ActiveCfg = Debug|x86
		{9B886D60-2DD3-4853-A428-D68F04E1D4DE}.SingleImage|Mixed Platforms.Build.0 = Debug|x86
		{9B886D60-2DD3-4853-A428-D68F04E1D4DE}.SingleImage|x86.ActiveCfg = Debug|x86
		{9B886D60-2DD3-4853-A428-D68F04E1D4DE}.SingleImage|x86.Build.0 = Debug|x86
		{C5F508F4-60C1-475C-8170-8F214DCB5DBA}.CD_ROM|Any CPU.ActiveCfg = Release|Any CPU
		{C5F508F4-60C1-475C-8170-8F214DCB5DBA}.CD_ROM|Any CPU.Build.0 = Release|Any CPU
		{C5F508F4-60C1-475C-8170-8F214DCB5DBA}.CD_ROM|Mixed Platforms.ActiveCfg = Release|x86
		{C5F508F4-60C1-475C-8170-8F214DCB5DBA}.CD_ROM|Mixed Platforms.Build.0 = Release|x86
		{C5F508F4-60C1-475C-8170-8F214DCB5DBA}.CD_ROM|x86.ActiveCfg = Release|x86
		{C5F508F4-60C1-475C-8170-8F214DCB5DBA}.CD_ROM|x86.Build.0 = Release|x86
		{C5F508F4-60C1-475C-8170-8F214DCB5DBA}.Debug|Any CPU.ActiveCfg = Debug|Any CPU
		{C5F508F4-60C1-475C-8170-8F214DCB5DBA}.Debug|Any CPU.Build.0 = Debug|Any CPU
		{C5F508F4-60C1-475C-8170-8F214DCB5DBA}.Debug|Mixed Platforms.ActiveCfg = Debug|Any CPU
		{C5F508F4-60C1-475C-8170-8F214DCB5DBA}.Debug|Mixed Platforms.Build.0 = Debug|Any CPU
		{C5F508F4-60C1-475C-8170-8F214DCB5DBA}.Debug|x86.ActiveCfg = Debug|Any CPU
		{C5F508F4-60C1-475C-8170-8F214DCB5DBA}.Debug|x86.Build.0 = Debug|Any CPU
		{C5F508F4-60C1-475C-8170-8F214DCB5DBA}.DVD-5|Any CPU.ActiveCfg = Debug|Any CPU
		{C5F508F4-60C1-475C-8170-8F214DCB5DBA}.DVD-5|Any CPU.Build.0 = Debug|Any CPU
		{C5F508F4-60C1-475C-8170-8F214DCB5DBA}.DVD-5|Mixed Platforms.ActiveCfg = Debug|x86
		{C5F508F4-60C1-475C-8170-8F214DCB5DBA}.DVD-5|Mixed Platforms.Build.0 = Debug|x86
		{C5F508F4-60C1-475C-8170-8F214DCB5DBA}.DVD-5|x86.ActiveCfg = Debug|x86
		{C5F508F4-60C1-475C-8170-8F214DCB5DBA}.DVD-5|x86.Build.0 = Debug|x86
		{C5F508F4-60C1-475C-8170-8F214DCB5DBA}.Release|Any CPU.ActiveCfg = Release|Any CPU
		{C5F508F4-60C1-475C-8170-8F214DCB5DBA}.Release|Any CPU.Build.0 = Release|Any CPU
		{C5F508F4-60C1-475C-8170-8F214DCB5DBA}.Release|Mixed Platforms.ActiveCfg = Release|Any CPU
		{C5F508F4-60C1-475C-8170-8F214DCB5DBA}.Release|Mixed Platforms.Build.0 = Release|Any CPU
		{C5F508F4-60C1-475C-8170-8F214DCB5DBA}.Release|x86.ActiveCfg = Release|Any CPU
		{C5F508F4-60C1-475C-8170-8F214DCB5DBA}.SingleImage|Any CPU.ActiveCfg = Release|Any CPU
		{C5F508F4-60C1-475C-8170-8F214DCB5DBA}.SingleImage|Any CPU.Build.0 = Release|Any CPU
		{C5F508F4-60C1-475C-8170-8F214DCB5DBA}.SingleImage|Mixed Platforms.ActiveCfg = Release|x86
		{C5F508F4-60C1-475C-8170-8F214DCB5DBA}.SingleImage|Mixed Platforms.Build.0 = Release|x86
		{C5F508F4-60C1-475C-8170-8F214DCB5DBA}.SingleImage|x86.ActiveCfg = Release|x86
		{C5F508F4-60C1-475C-8170-8F214DCB5DBA}.SingleImage|x86.Build.0 = Release|x86
		{CD3815A8-6CEE-4EC8-B98C-0C7027461070}.CD_ROM|Any CPU.ActiveCfg = Release|Any CPU
		{CD3815A8-6CEE-4EC8-B98C-0C7027461070}.CD_ROM|Any CPU.Build.0 = Release|Any CPU
		{CD3815A8-6CEE-4EC8-B98C-0C7027461070}.CD_ROM|Mixed Platforms.ActiveCfg = Release|x86
		{CD3815A8-6CEE-4EC8-B98C-0C7027461070}.CD_ROM|Mixed Platforms.Build.0 = Release|x86
		{CD3815A8-6CEE-4EC8-B98C-0C7027461070}.CD_ROM|x86.ActiveCfg = Release|x86
		{CD3815A8-6CEE-4EC8-B98C-0C7027461070}.CD_ROM|x86.Build.0 = Release|x86
		{CD3815A8-6CEE-4EC8-B98C-0C7027461070}.Debug|Any CPU.ActiveCfg = Debug|Any CPU
		{CD3815A8-6CEE-4EC8-B98C-0C7027461070}.Debug|Any CPU.Build.0 = Debug|Any CPU
		{CD3815A8-6CEE-4EC8-B98C-0C7027461070}.Debug|Mixed Platforms.ActiveCfg = Debug|Any CPU
		{CD3815A8-6CEE-4EC8-B98C-0C7027461070}.Debug|Mixed Platforms.Build.0 = Debug|Any CPU
		{CD3815A8-6CEE-4EC8-B98C-0C7027461070}.Debug|x86.ActiveCfg = Debug|Any CPU
		{CD3815A8-6CEE-4EC8-B98C-0C7027461070}.Debug|x86.Build.0 = Debug|Any CPU
		{CD3815A8-6CEE-4EC8-B98C-0C7027461070}.DVD-5|Any CPU.ActiveCfg = Debug|Any CPU
		{CD3815A8-6CEE-4EC8-B98C-0C7027461070}.DVD-5|Any CPU.Build.0 = Debug|Any CPU
		{CD3815A8-6CEE-4EC8-B98C-0C7027461070}.DVD-5|Mixed Platforms.ActiveCfg = Debug|x86
		{CD3815A8-6CEE-4EC8-B98C-0C7027461070}.DVD-5|Mixed Platforms.Build.0 = Debug|x86
		{CD3815A8-6CEE-4EC8-B98C-0C7027461070}.DVD-5|x86.ActiveCfg = Debug|x86
		{CD3815A8-6CEE-4EC8-B98C-0C7027461070}.DVD-5|x86.Build.0 = Debug|x86
		{CD3815A8-6CEE-4EC8-B98C-0C7027461070}.Release|Any CPU.ActiveCfg = Release|Any CPU
		{CD3815A8-6CEE-4EC8-B98C-0C7027461070}.Release|Any CPU.Build.0 = Release|Any CPU
		{CD3815A8-6CEE-4EC8-B98C-0C7027461070}.Release|Mixed Platforms.ActiveCfg = Release|Any CPU
		{CD3815A8-6CEE-4EC8-B98C-0C7027461070}.Release|Mixed Platforms.Build.0 = Release|Any CPU
		{CD3815A8-6CEE-4EC8-B98C-0C7027461070}.Release|x86.ActiveCfg = Release|Any CPU
		{CD3815A8-6CEE-4EC8-B98C-0C7027461070}.SingleImage|Any CPU.ActiveCfg = Release|Any CPU
		{CD3815A8-6CEE-4EC8-B98C-0C7027461070}.SingleImage|Any CPU.Build.0 = Release|Any CPU
		{CD3815A8-6CEE-4EC8-B98C-0C7027461070}.SingleImage|Mixed Platforms.ActiveCfg = Release|x86
		{CD3815A8-6CEE-4EC8-B98C-0C7027461070}.SingleImage|Mixed Platforms.Build.0 = Release|x86
		{CD3815A8-6CEE-4EC8-B98C-0C7027461070}.SingleImage|x86.ActiveCfg = Release|x86
		{CD3815A8-6CEE-4EC8-B98C-0C7027461070}.SingleImage|x86.Build.0 = Release|x86
		{4EACF8D1-8247-4026-805A-026F456E1454}.CD_ROM|Any CPU.ActiveCfg = Release|Any CPU
		{4EACF8D1-8247-4026-805A-026F456E1454}.CD_ROM|Any CPU.Build.0 = Release|Any CPU
		{4EACF8D1-8247-4026-805A-026F456E1454}.CD_ROM|Mixed Platforms.ActiveCfg = Release|Any CPU
		{4EACF8D1-8247-4026-805A-026F456E1454}.CD_ROM|Mixed Platforms.Build.0 = Release|Any CPU
		{4EACF8D1-8247-4026-805A-026F456E1454}.CD_ROM|x86.ActiveCfg = Release|Any CPU
		{4EACF8D1-8247-4026-805A-026F456E1454}.Debug|Any CPU.ActiveCfg = Debug|Any CPU
		{4EACF8D1-8247-4026-805A-026F456E1454}.Debug|Any CPU.Build.0 = Debug|Any CPU
		{4EACF8D1-8247-4026-805A-026F456E1454}.Debug|Mixed Platforms.ActiveCfg = Debug|Any CPU
		{4EACF8D1-8247-4026-805A-026F456E1454}.Debug|Mixed Platforms.Build.0 = Debug|Any CPU
		{4EACF8D1-8247-4026-805A-026F456E1454}.Debug|x86.ActiveCfg = Debug|Any CPU
		{4EACF8D1-8247-4026-805A-026F456E1454}.Debug|x86.Build.0 = Debug|Any CPU
		{4EACF8D1-8247-4026-805A-026F456E1454}.DVD-5|Any CPU.ActiveCfg = Debug|Any CPU
		{4EACF8D1-8247-4026-805A-026F456E1454}.DVD-5|Any CPU.Build.0 = Debug|Any CPU
		{4EACF8D1-8247-4026-805A-026F456E1454}.DVD-5|Mixed Platforms.ActiveCfg = Debug|Any CPU
		{4EACF8D1-8247-4026-805A-026F456E1454}.DVD-5|Mixed Platforms.Build.0 = Debug|Any CPU
		{4EACF8D1-8247-4026-805A-026F456E1454}.DVD-5|x86.ActiveCfg = Debug|Any CPU
		{4EACF8D1-8247-4026-805A-026F456E1454}.Release|Any CPU.ActiveCfg = Release|Any CPU
		{4EACF8D1-8247-4026-805A-026F456E1454}.Release|Any CPU.Build.0 = Release|Any CPU
		{4EACF8D1-8247-4026-805A-026F456E1454}.Release|Mixed Platforms.ActiveCfg = Release|Any CPU
		{4EACF8D1-8247-4026-805A-026F456E1454}.Release|Mixed Platforms.Build.0 = Release|Any CPU
		{4EACF8D1-8247-4026-805A-026F456E1454}.Release|x86.ActiveCfg = Release|Any CPU
		{4EACF8D1-8247-4026-805A-026F456E1454}.SingleImage|Any CPU.ActiveCfg = Release|Any CPU
		{4EACF8D1-8247-4026-805A-026F456E1454}.SingleImage|Any CPU.Build.0 = Release|Any CPU
		{4EACF8D1-8247-4026-805A-026F456E1454}.SingleImage|Mixed Platforms.ActiveCfg = Release|Any CPU
		{4EACF8D1-8247-4026-805A-026F456E1454}.SingleImage|Mixed Platforms.Build.0 = Release|Any CPU
		{4EACF8D1-8247-4026-805A-026F456E1454}.SingleImage|x86.ActiveCfg = Release|Any CPU
		{0E19676C-3655-49F5-A3A2-B54303B9B1F5}.CD_ROM|Any CPU.ActiveCfg = Release|Any CPU
		{0E19676C-3655-49F5-A3A2-B54303B9B1F5}.CD_ROM|Any CPU.Build.0 = Release|Any CPU
		{0E19676C-3655-49F5-A3A2-B54303B9B1F5}.CD_ROM|Mixed Platforms.ActiveCfg = Release|Any CPU
		{0E19676C-3655-49F5-A3A2-B54303B9B1F5}.CD_ROM|Mixed Platforms.Build.0 = Release|Any CPU
		{0E19676C-3655-49F5-A3A2-B54303B9B1F5}.CD_ROM|x86.ActiveCfg = Release|Any CPU
		{0E19676C-3655-49F5-A3A2-B54303B9B1F5}.Debug|Any CPU.ActiveCfg = Debug|Any CPU
		{0E19676C-3655-49F5-A3A2-B54303B9B1F5}.Debug|Any CPU.Build.0 = Debug|Any CPU
		{0E19676C-3655-49F5-A3A2-B54303B9B1F5}.Debug|Mixed Platforms.ActiveCfg = Debug|Any CPU
		{0E19676C-3655-49F5-A3A2-B54303B9B1F5}.Debug|Mixed Platforms.Build.0 = Debug|Any CPU
		{0E19676C-3655-49F5-A3A2-B54303B9B1F5}.Debug|x86.ActiveCfg = Debug|Any CPU
		{0E19676C-3655-49F5-A3A2-B54303B9B1F5}.Debug|x86.Build.0 = Debug|Any CPU
		{0E19676C-3655-49F5-A3A2-B54303B9B1F5}.DVD-5|Any CPU.ActiveCfg = Debug|Any CPU
		{0E19676C-3655-49F5-A3A2-B54303B9B1F5}.DVD-5|Any CPU.Build.0 = Debug|Any CPU
		{0E19676C-3655-49F5-A3A2-B54303B9B1F5}.DVD-5|Mixed Platforms.ActiveCfg = Debug|Any CPU
		{0E19676C-3655-49F5-A3A2-B54303B9B1F5}.DVD-5|Mixed Platforms.Build.0 = Debug|Any CPU
		{0E19676C-3655-49F5-A3A2-B54303B9B1F5}.DVD-5|x86.ActiveCfg = Debug|Any CPU
		{0E19676C-3655-49F5-A3A2-B54303B9B1F5}.Release|Any CPU.ActiveCfg = Release|Any CPU
		{0E19676C-3655-49F5-A3A2-B54303B9B1F5}.Release|Any CPU.Build.0 = Release|Any CPU
		{0E19676C-3655-49F5-A3A2-B54303B9B1F5}.Release|Mixed Platforms.ActiveCfg = Release|Any CPU
		{0E19676C-3655-49F5-A3A2-B54303B9B1F5}.Release|Mixed Platforms.Build.0 = Release|Any CPU
		{0E19676C-3655-49F5-A3A2-B54303B9B1F5}.Release|x86.ActiveCfg = Release|Any CPU
		{0E19676C-3655-49F5-A3A2-B54303B9B1F5}.SingleImage|Any CPU.ActiveCfg = Release|Any CPU
		{0E19676C-3655-49F5-A3A2-B54303B9B1F5}.SingleImage|Any CPU.Build.0 = Release|Any CPU
		{0E19676C-3655-49F5-A3A2-B54303B9B1F5}.SingleImage|Mixed Platforms.ActiveCfg = Release|Any CPU
		{0E19676C-3655-49F5-A3A2-B54303B9B1F5}.SingleImage|Mixed Platforms.Build.0 = Release|Any CPU
		{0E19676C-3655-49F5-A3A2-B54303B9B1F5}.SingleImage|x86.ActiveCfg = Release|Any CPU
		{6FAD47A6-4AD8-4B17-B477-A979DC6B435D}.CD_ROM|Any CPU.ActiveCfg = Release|Any CPU
		{6FAD47A6-4AD8-4B17-B477-A979DC6B435D}.CD_ROM|Any CPU.Build.0 = Release|Any CPU
		{6FAD47A6-4AD8-4B17-B477-A979DC6B435D}.CD_ROM|Mixed Platforms.ActiveCfg = Release|Any CPU
		{6FAD47A6-4AD8-4B17-B477-A979DC6B435D}.CD_ROM|Mixed Platforms.Build.0 = Release|Any CPU
		{6FAD47A6-4AD8-4B17-B477-A979DC6B435D}.CD_ROM|x86.ActiveCfg = Release|Any CPU
		{6FAD47A6-4AD8-4B17-B477-A979DC6B435D}.Debug|Any CPU.ActiveCfg = Debug|Any CPU
		{6FAD47A6-4AD8-4B17-B477-A979DC6B435D}.Debug|Any CPU.Build.0 = Debug|Any CPU
		{6FAD47A6-4AD8-4B17-B477-A979DC6B435D}.Debug|Mixed Platforms.ActiveCfg = Debug|Any CPU
		{6FAD47A6-4AD8-4B17-B477-A979DC6B435D}.Debug|Mixed Platforms.Build.0 = Debug|Any CPU
		{6FAD47A6-4AD8-4B17-B477-A979DC6B435D}.Debug|x86.ActiveCfg = Debug|Any CPU
		{6FAD47A6-4AD8-4B17-B477-A979DC6B435D}.DVD-5|Any CPU.ActiveCfg = Debug|Any CPU
		{6FAD47A6-4AD8-4B17-B477-A979DC6B435D}.DVD-5|Any CPU.Build.0 = Debug|Any CPU
		{6FAD47A6-4AD8-4B17-B477-A979DC6B435D}.DVD-5|Mixed Platforms.ActiveCfg = Debug|Any CPU
		{6FAD47A6-4AD8-4B17-B477-A979DC6B435D}.DVD-5|Mixed Platforms.Build.0 = Debug|Any CPU
		{6FAD47A6-4AD8-4B17-B477-A979DC6B435D}.DVD-5|x86.ActiveCfg = Debug|Any CPU
		{6FAD47A6-4AD8-4B17-B477-A979DC6B435D}.Release|Any CPU.ActiveCfg = Release|Any CPU
		{6FAD47A6-4AD8-4B17-B477-A979DC6B435D}.Release|Any CPU.Build.0 = Release|Any CPU
		{6FAD47A6-4AD8-4B17-B477-A979DC6B435D}.Release|Mixed Platforms.ActiveCfg = Release|Any CPU
		{6FAD47A6-4AD8-4B17-B477-A979DC6B435D}.Release|Mixed Platforms.Build.0 = Release|Any CPU
		{6FAD47A6-4AD8-4B17-B477-A979DC6B435D}.Release|x86.ActiveCfg = Release|Any CPU
		{6FAD47A6-4AD8-4B17-B477-A979DC6B435D}.SingleImage|Any CPU.ActiveCfg = Release|Any CPU
		{6FAD47A6-4AD8-4B17-B477-A979DC6B435D}.SingleImage|Any CPU.Build.0 = Release|Any CPU
		{6FAD47A6-4AD8-4B17-B477-A979DC6B435D}.SingleImage|Mixed Platforms.ActiveCfg = Release|Any CPU
		{6FAD47A6-4AD8-4B17-B477-A979DC6B435D}.SingleImage|Mixed Platforms.Build.0 = Release|Any CPU
		{6FAD47A6-4AD8-4B17-B477-A979DC6B435D}.SingleImage|x86.ActiveCfg = Release|Any CPU
	EndGlobalSection
	GlobalSection(SolutionProperties) = preSolution
		HideSolutionNode = FALSE
	EndGlobalSection
	GlobalSection(ExtensibilityGlobals) = postSolution
		VisualSVNWorkingCopyRoot = .
	EndGlobalSection
EndGlobal
